
Microsoft Visual Studio Solution File, Format Version 12.00
# Visual Studio 15
VisualStudioVersion = 15.0.28307.572
MinimumVisualStudioVersion = 10.0.40219.1
Project("{8BC9CEB8-8B4A-11D0-8D11-00A0C91BC942}") = "Project2", "Project2\Project2.vcxproj", "{037E745C-7EA9-4DD6-BFB0-6F402E35D6B1}"
EndProject
Global
	GlobalSection(SolutionConfigurationPlatforms) = preSolution
		Debug|x64 = Debug|x64
		Debug|x86 = Debug|x86
		Release|x64 = Release|x64
		Release|x86 = Release|x86
	EndGlobalSection
	GlobalSection(ProjectConfigurationPlatforms) = postSolution
		{037E745C-7EA9-4DD6-BFB0-6F402E35D6B1}.Debug|x64.ActiveCfg = Debug|x64
		{037E745C-7EA9-4DD6-BFB0-6F402E35D6B1}.Debug|x64.Build.0 = Debug|x64
		{037E745C-7EA9-4DD6-BFB0-6F402E35D6B1}.Debug|x86.ActiveCfg = Debug|Win32
		{037E745C-7EA9-4DD6-BFB0-6F402E35D6B1}.Debug|x86.Build.0 = Debug|Win32
		{037E745C-7EA9-4DD6-BFB0-6F402E35D6B1}.Release|x64.ActiveCfg = Release|x64
		{037E745C-7EA9-4DD6-BFB0-6F402E35D6B1}.Release|x64.Build.0 = Release|x64
		{037E745C-7EA9-4DD6-BFB0-6F402E35D6B1}.Release|x86.ActiveCfg = Release|Win32
		{037E745C-7EA9-4DD6-BFB0-6F402E35D6B1}.Release|x86.Build.0 = Release|Win32
	EndGlobalSection
	GlobalSection(SolutionProperties) = preSolution
		HideSolutionNode = FALSE
	EndGlobalSection
	GlobalSection(ExtensibilityGlobals) = postSolution
		SolutionGuid = {CA84CCE4-B04D-4C6C-A43D-8AFF0E20CDF5}
	EndGlobalSection
EndGlobal
